
Microsoft Visual Studio Solution File, Format Version 12.00
# Visual Studio 15
VisualStudioVersion = 15.0.28307.757
MinimumVisualStudioVersion = 10.0.40219.1
Project("{8BC9CEB8-8B4A-11D0-8D11-00A0C91BC942}") = "MultipleInheritance", "TemplatesExample\TemplatesExample.vcxproj", "{A26551FC-FD3F-4FB5-81B9-93FEC68C0097}"
EndProject
Project("{8BC9CEB8-8B4A-11D0-8D11-00A0C91BC942}") = "AccumulatorTemplate", "AccumulatorTemplate\AccumulatorTemplate.vcxproj", "{1891CE83-589B-4D71-9E2E-228359445230}"
EndProject
Project("{8BC9CEB8-8B4A-11D0-8D11-00A0C91BC942}") = "IndexTemplateSecond", "indexTemplateSecond\indexTemplateSecond.vcxproj", "{0B6CE191-2484-4730-917F-18218A0A1911}"
EndProject
Project("{8BC9CEB8-8B4A-11D0-8D11-00A0C91BC942}") = "Timing", "Timing\Timing.vcxproj", "{9338D6BD-7346-44F7-A7C9-492A8333216A}"
EndProject
Global
	GlobalSection(SolutionConfigurationPlatforms) = preSolution
		Debug|x64 = Debug|x64
		Debug|x86 = Debug|x86
		Release|x64 = Release|x64
		Release|x86 = Release|x86
	EndGlobalSection
	GlobalSection(ProjectConfigurationPlatforms) = postSolution
		{A26551FC-FD3F-4FB5-81B9-93FEC68C0097}.Debug|x64.ActiveCfg = Debug|x64
		{A26551FC-FD3F-4FB5-81B9-93FEC68C0097}.Debug|x64.Build.0 = Debug|x64
		{A26551FC-FD3F-4FB5-81B9-93FEC68C0097}.Debug|x86.ActiveCfg = Debug|Win32
		{A26551FC-FD3F-4FB5-81B9-93FEC68C0097}.Debug|x86.Build.0 = Debug|Win32
		{A26551FC-FD3F-4FB5-81B9-93FEC68C0097}.Release|x64.ActiveCfg = Release|x64
		{A26551FC-FD3F-4FB5-81B9-93FEC68C0097}.Release|x64.Build.0 = Release|x64
		{A26551FC-FD3F-4FB5-81B9-93FEC68C0097}.Release|x86.ActiveCfg = Release|Win32
		{A26551FC-FD3F-4FB5-81B9-93FEC68C0097}.Release|x86.Build.0 = Release|Win32
		{1891CE83-589B-4D71-9E2E-228359445230}.Debug|x64.ActiveCfg = Debug|x64
		{1891CE83-589B-4D71-9E2E-228359445230}.Debug|x64.Build.0 = Debug|x64
		{1891CE83-589B-4D71-9E2E-228359445230}.Debug|x86.ActiveCfg = Debug|Win32
		{1891CE83-589B-4D71-9E2E-228359445230}.Debug|x86.Build.0 = Debug|Win32
		{1891CE83-589B-4D71-9E2E-228359445230}.Release|x64.ActiveCfg = Release|x64
		{1891CE83-589B-4D71-9E2E-228359445230}.Release|x64.Build.0 = Release|x64
		{1891CE83-589B-4D71-9E2E-228359445230}.Release|x86.ActiveCfg = Release|Win32
		{1891CE83-589B-4D71-9E2E-228359445230}.Release|x86.Build.0 = Release|Win32
		{0B6CE191-2484-4730-917F-18218A0A1911}.Debug|x64.ActiveCfg = Debug|x64
		{0B6CE191-2484-4730-917F-18218A0A1911}.Debug|x64.Build.0 = Debug|x64
		{0B6CE191-2484-4730-917F-18218A0A1911}.Debug|x86.ActiveCfg = Debug|Win32
		{0B6CE191-2484-4730-917F-18218A0A1911}.Debug|x86.Build.0 = Debug|Win32
		{0B6CE191-2484-4730-917F-18218A0A1911}.Release|x64.ActiveCfg = Release|x64
		{0B6CE191-2484-4730-917F-18218A0A1911}.Release|x64.Build.0 = Release|x64
		{0B6CE191-2484-4730-917F-18218A0A1911}.Release|x86.ActiveCfg = Release|Win32
		{0B6CE191-2484-4730-917F-18218A0A1911}.Release|x86.Build.0 = Release|Win32
		{9338D6BD-7346-44F7-A7C9-492A8333216A}.Debug|x64.ActiveCfg = Debug|x64
		{9338D6BD-7346-44F7-A7C9-492A8333216A}.Debug|x64.Build.0 = Debug|x64
		{9338D6BD-7346-44F7-A7C9-492A8333216A}.Debug|x86.ActiveCfg = Debug|Win32
		{9338D6BD-7346-44F7-A7C9-492A8333216A}.Debug|x86.Build.0 = Debug|Win32
		{9338D6BD-7346-44F7-A7C9-492A8333216A}.Release|x64.ActiveCfg = Release|x64
		{9338D6BD-7346-44F7-A7C9-492A8333216A}.Release|x64.Build.0 = Release|x64
		{9338D6BD-7346-44F7-A7C9-492A8333216A}.Release|x86.ActiveCfg = Release|Win32
		{9338D6BD-7346-44F7-A7C9-492A8333216A}.Release|x86.Build.0 = Release|Win32
	EndGlobalSection
	GlobalSection(SolutionProperties) = preSolution
		HideSolutionNode = FALSE
	EndGlobalSection
	GlobalSection(ExtensibilityGlobals) = postSolution
		SolutionGuid = {FAFEF917-EFE2-49FB-A5D0-43783C3B050C}
	EndGlobalSection
EndGlobal
